
Microsoft Visual Studio Solution File, Format Version 12.00
# Visual Studio Version 16
VisualStudioVersion = 16.0.29920.165
MinimumVisualStudioVersion = 10.0.40219.1
Project("{FAE04EC0-301F-11D3-BF4B-00C04F79EFBC}") = "VidlyApp", "VidlyApp\VidlyApp.csproj", "{032A148D-36DB-45C1-B4EB-5B5C3F07273D}"
EndProject
Project("{2150E333-8FDC-42A3-9474-1A3956D46DE8}") = "NewFolder1", "NewFolder1", "{70EB73BD-246A-4F35-A59A-8FB076EBBB48}"
EndProject
Global
	GlobalSection(SolutionConfigurationPlatforms) = preSolution
		Debug|Any CPU = Debug|Any CPU
		Release|Any CPU = Release|Any CPU
	EndGlobalSection
	GlobalSection(ProjectConfigurationPlatforms) = postSolution
		{032A148D-36DB-45C1-B4EB-5B5C3F07273D}.Debug|Any CPU.ActiveCfg = Debug|Any CPU
		{032A148D-36DB-45C1-B4EB-5B5C3F07273D}.Debug|Any CPU.Build.0 = Debug|Any CPU
		{032A148D-36DB-45C1-B4EB-5B5C3F07273D}.Release|Any CPU.ActiveCfg = Release|Any CPU
		{032A148D-36DB-45C1-B4EB-5B5C3F07273D}.Release|Any CPU.Build.0 = Release|Any CPU
	EndGlobalSection
	GlobalSection(SolutionProperties) = preSolution
		HideSolutionNode = FALSE
	EndGlobalSection
	GlobalSection(ExtensibilityGlobals) = postSolution
		SolutionGuid = {C6FE445D-97C9-44B3-A0F7-5BE34B2AE82F}
	EndGlobalSection
EndGlobal
